{
    "requires": true,
    "lockfileVersion": 1,
    "dependencies": {
        "sweetalert2": {
            "version": "10.15.0",
            "resolved": "https://registry.npmjs.org/sweetalert2/-/sweetalert2-10.15.0.tgz",
            "integrity": "sha512-zh/4URSGH1b2RrJuPHI9nzcKsg1qMuRCNkmgVILJ+sQavXQn5jRx+ocCUN15vdGi05oavwdbMaXg2qjgr9Lplw=="
        }
    }
}
